
Microsoft Visual Studio Solution File, Format Version 12.00
# Visual Studio Version 17
VisualStudioVersion = 17.9.34622.214
MinimumVisualStudioVersion = 10.0.40219.1
Project("{FAE04EC0-301F-11D3-BF4B-00C04F79EFBC}") = "Pattern Pairs Game", "Pattern Pairs Game\Pattern Pairs Game.csproj", "{BA759AA8-049F-4B35-9546-F78C6EB9DA7E}"
EndProject
Global
	GlobalSection(SolutionConfigurationPlatforms) = preSolution
		Debug|Any CPU = Debug|Any CPU
		Release|Any CPU = Release|Any CPU
	EndGlobalSection
	GlobalSection(ProjectConfigurationPlatforms) = postSolution
		{BA759AA8-049F-4B35-9546-F78C6EB9DA7E}.Debug|Any CPU.ActiveCfg = Debug|Any CPU
		{BA759AA8-049F-4B35-9546-F78C6EB9DA7E}.Debug|Any CPU.Build.0 = Debug|Any CPU
		{BA759AA8-049F-4B35-9546-F78C6EB9DA7E}.Release|Any CPU.ActiveCfg = Release|Any CPU
		{BA759AA8-049F-4B35-9546-F78C6EB9DA7E}.Release|Any CPU.Build.0 = Release|Any CPU
	EndGlobalSection
	GlobalSection(SolutionProperties) = preSolution
		HideSolutionNode = FALSE
	EndGlobalSection
	GlobalSection(ExtensibilityGlobals) = postSolution
		SolutionGuid = {B8CB5204-0BA2-4989-9BC9-BF4538174720}
	EndGlobalSection
EndGlobal
